
Microsoft Visual Studio Solution File, Format Version 12.00
# Visual Studio 15
VisualStudioVersion = 15.0.27130.2003
MinimumVisualStudioVersion = 10.0.40219.1
Project("{FAE04EC0-301F-11D3-BF4B-00C04F79EFBC}") = "Dia 20", "Dia 20\Dia 20.csproj", "{39BFD7F3-1621-4D67-AD2C-36BF2D988B51}"
EndProject
Global
	GlobalSection(SolutionConfigurationPlatforms) = preSolution
		Debug|Any CPU = Debug|Any CPU
		Release|Any CPU = Release|Any CPU
	EndGlobalSection
	GlobalSection(ProjectConfigurationPlatforms) = postSolution
		{39BFD7F3-1621-4D67-AD2C-36BF2D988B51}.Debug|Any CPU.ActiveCfg = Debug|Any CPU
		{39BFD7F3-1621-4D67-AD2C-36BF2D988B51}.Debug|Any CPU.Build.0 = Debug|Any CPU
		{39BFD7F3-1621-4D67-AD2C-36BF2D988B51}.Release|Any CPU.ActiveCfg = Release|Any CPU
		{39BFD7F3-1621-4D67-AD2C-36BF2D988B51}.Release|Any CPU.Build.0 = Release|Any CPU
	EndGlobalSection
	GlobalSection(SolutionProperties) = preSolution
		HideSolutionNode = FALSE
	EndGlobalSection
	GlobalSection(ExtensibilityGlobals) = postSolution
		SolutionGuid = {95F17443-0866-48FB-89D7-E6E6F359875D}
	EndGlobalSection
EndGlobal
