
Microsoft Visual Studio Solution File, Format Version 12.00
# Visual Studio 15
VisualStudioVersion = 15.0.27004.2006
MinimumVisualStudioVersion = 10.0.40219.1
Project("{9A19103F-16F7-4668-BE54-9A1E7A4F7556}") = "ConsoleApp1", "ConsoleApp1.csproj", "{FF26355B-A7C4-4DE3-AE9C-7B428D32432F}"
EndProject
Global
	GlobalSection(SolutionConfigurationPlatforms) = preSolution
		Debug|Any CPU = Debug|Any CPU
		Release|Any CPU = Release|Any CPU
	EndGlobalSection
	GlobalSection(ProjectConfigurationPlatforms) = postSolution
		{FF26355B-A7C4-4DE3-AE9C-7B428D32432F}.Debug|Any CPU.ActiveCfg = Debug|Any CPU
		{FF26355B-A7C4-4DE3-AE9C-7B428D32432F}.Debug|Any CPU.Build.0 = Debug|Any CPU
		{FF26355B-A7C4-4DE3-AE9C-7B428D32432F}.Release|Any CPU.ActiveCfg = Release|Any CPU
		{FF26355B-A7C4-4DE3-AE9C-7B428D32432F}.Release|Any CPU.Build.0 = Release|Any CPU
	EndGlobalSection
	GlobalSection(SolutionProperties) = preSolution
		HideSolutionNode = FALSE
	EndGlobalSection
	GlobalSection(ExtensibilityGlobals) = postSolution
		SolutionGuid = {1CEABBA0-9C27-41A8-980A-D1B36F2AF609}
	EndGlobalSection
EndGlobal
