
Microsoft Visual Studio Solution File, Format Version 12.00
# Visual Studio 15
VisualStudioVersion = 15.0.27004.2009
MinimumVisualStudioVersion = 10.0.40219.1
Project("{FAE04EC0-301F-11D3-BF4B-00C04F79EFBC}") = "Data", "Data\Data.csproj", "{F7459D4C-A2A2-4C73-B1DC-CEE4DE89D73A}"
EndProject
Project("{FAE04EC0-301F-11D3-BF4B-00C04F79EFBC}") = "ConsoleApp", "ConsoleApp\ConsoleApp.csproj", "{C473F532-1923-4FED-B203-DCF713580AD1}"
EndProject
Project("{FAE04EC0-301F-11D3-BF4B-00C04F79EFBC}") = "Servicios", "Servicios\Servicios.csproj", "{4B93C0D1-ABA5-437D-93C7-1D2C84AC9221}"
EndProject
Global
	GlobalSection(SolutionConfigurationPlatforms) = preSolution
		Debug|Any CPU = Debug|Any CPU
		Release|Any CPU = Release|Any CPU
	EndGlobalSection
	GlobalSection(ProjectConfigurationPlatforms) = postSolution
		{F7459D4C-A2A2-4C73-B1DC-CEE4DE89D73A}.Debug|Any CPU.ActiveCfg = Debug|Any CPU
		{F7459D4C-A2A2-4C73-B1DC-CEE4DE89D73A}.Debug|Any CPU.Build.0 = Debug|Any CPU
		{F7459D4C-A2A2-4C73-B1DC-CEE4DE89D73A}.Release|Any CPU.ActiveCfg = Release|Any CPU
		{F7459D4C-A2A2-4C73-B1DC-CEE4DE89D73A}.Release|Any CPU.Build.0 = Release|Any CPU
		{C473F532-1923-4FED-B203-DCF713580AD1}.Debug|Any CPU.ActiveCfg = Debug|Any CPU
		{C473F532-1923-4FED-B203-DCF713580AD1}.Debug|Any CPU.Build.0 = Debug|Any CPU
		{C473F532-1923-4FED-B203-DCF713580AD1}.Release|Any CPU.ActiveCfg = Release|Any CPU
		{C473F532-1923-4FED-B203-DCF713580AD1}.Release|Any CPU.Build.0 = Release|Any CPU
		{4B93C0D1-ABA5-437D-93C7-1D2C84AC9221}.Debug|Any CPU.ActiveCfg = Debug|Any CPU
		{4B93C0D1-ABA5-437D-93C7-1D2C84AC9221}.Debug|Any CPU.Build.0 = Debug|Any CPU
		{4B93C0D1-ABA5-437D-93C7-1D2C84AC9221}.Release|Any CPU.ActiveCfg = Release|Any CPU
		{4B93C0D1-ABA5-437D-93C7-1D2C84AC9221}.Release|Any CPU.Build.0 = Release|Any CPU
	EndGlobalSection
	GlobalSection(SolutionProperties) = preSolution
		HideSolutionNode = FALSE
	EndGlobalSection
	GlobalSection(ExtensibilityGlobals) = postSolution
		SolutionGuid = {5ECA6D66-EB2F-4658-B426-8AF4F9C00F99}
	EndGlobalSection
EndGlobal
