
Microsoft Visual Studio Solution File, Format Version 12.00
# Visual Studio 15
VisualStudioVersion = 15.0.27004.2006
MinimumVisualStudioVersion = 10.0.40219.1
Project("{FAE04EC0-301F-11D3-BF4B-00C04F79EFBC}") = "Generics-Interface", "Generics-Interface\Generics-Interface.csproj", "{805152D1-E928-4351-93BD-7E3342548562}"
EndProject
Global
	GlobalSection(SolutionConfigurationPlatforms) = preSolution
		Debug|Any CPU = Debug|Any CPU
		Release|Any CPU = Release|Any CPU
	EndGlobalSection
	GlobalSection(ProjectConfigurationPlatforms) = postSolution
		{805152D1-E928-4351-93BD-7E3342548562}.Debug|Any CPU.ActiveCfg = Debug|Any CPU
		{805152D1-E928-4351-93BD-7E3342548562}.Debug|Any CPU.Build.0 = Debug|Any CPU
		{805152D1-E928-4351-93BD-7E3342548562}.Release|Any CPU.ActiveCfg = Release|Any CPU
		{805152D1-E928-4351-93BD-7E3342548562}.Release|Any CPU.Build.0 = Release|Any CPU
	EndGlobalSection
	GlobalSection(SolutionProperties) = preSolution
		HideSolutionNode = FALSE
	EndGlobalSection
	GlobalSection(ExtensibilityGlobals) = postSolution
		SolutionGuid = {13AC4D78-7BE7-44A8-8F28-1A243965FF72}
	EndGlobalSection
EndGlobal
